
Microsoft Visual Studio Solution File, Format Version 12.00
# Visual Studio Version 16
VisualStudioVersion = 16.0.32413.511
MinimumVisualStudioVersion = 10.0.40219.1
Project("{FAE04EC0-301F-11D3-BF4B-00C04F79EFBC}") = "Assignment1", "Assignment1\Assignment1.csproj", "{F86389C8-5957-4D2F-8AD1-481C5B0F66E4}"
EndProject
Global
	GlobalSection(SolutionConfigurationPlatforms) = preSolution
		Debug|Any CPU = Debug|Any CPU
		Release|Any CPU = Release|Any CPU
	EndGlobalSection
	GlobalSection(ProjectConfigurationPlatforms) = postSolution
		{F86389C8-5957-4D2F-8AD1-481C5B0F66E4}.Debug|Any CPU.ActiveCfg = Debug|Any CPU
		{F86389C8-5957-4D2F-8AD1-481C5B0F66E4}.Debug|Any CPU.Build.0 = Debug|Any CPU
		{F86389C8-5957-4D2F-8AD1-481C5B0F66E4}.Release|Any CPU.ActiveCfg = Release|Any CPU
		{F86389C8-5957-4D2F-8AD1-481C5B0F66E4}.Release|Any CPU.Build.0 = Release|Any CPU
	EndGlobalSection
	GlobalSection(SolutionProperties) = preSolution
		HideSolutionNode = FALSE
	EndGlobalSection
	GlobalSection(ExtensibilityGlobals) = postSolution
		SolutionGuid = {F9ECE739-93ED-49B0-82B7-74E9D8DEAFB9}
	EndGlobalSection
EndGlobal
