
Microsoft Visual Studio Solution File, Format Version 12.00
# Visual Studio Version 17
VisualStudioVersion = 17.1.32228.430
MinimumVisualStudioVersion = 10.0.40219.1
Project("{FAE04EC0-301F-11D3-BF4B-00C04F79EFBC}") = "Assignment3", "Assignment3\Assignment3.csproj", "{D439EF2A-4073-496E-B66B-86D09A6DDC23}"
EndProject
Global
	GlobalSection(SolutionConfigurationPlatforms) = preSolution
		Debug|Any CPU = Debug|Any CPU
		Release|Any CPU = Release|Any CPU
	EndGlobalSection
	GlobalSection(ProjectConfigurationPlatforms) = postSolution
		{D439EF2A-4073-496E-B66B-86D09A6DDC23}.Debug|Any CPU.ActiveCfg = Debug|Any CPU
		{D439EF2A-4073-496E-B66B-86D09A6DDC23}.Debug|Any CPU.Build.0 = Debug|Any CPU
		{D439EF2A-4073-496E-B66B-86D09A6DDC23}.Release|Any CPU.ActiveCfg = Release|Any CPU
		{D439EF2A-4073-496E-B66B-86D09A6DDC23}.Release|Any CPU.Build.0 = Release|Any CPU
	EndGlobalSection
	GlobalSection(SolutionProperties) = preSolution
		HideSolutionNode = FALSE
	EndGlobalSection
	GlobalSection(ExtensibilityGlobals) = postSolution
		SolutionGuid = {866D5D04-97DE-4501-AFFA-AFCA81D1AA93}
	EndGlobalSection
EndGlobal
