
Microsoft Visual Studio Solution File, Format Version 12.00
# Visual Studio Version 17
VisualStudioVersion = 17.1.32228.430
MinimumVisualStudioVersion = 10.0.40219.1
Project("{FAE04EC0-301F-11D3-BF4B-00C04F79EFBC}") = "Assignment5", "Assignment5\Assignment5.csproj", "{341FB74A-47ED-4E34-84DB-6D4A58AFEF1E}"
EndProject
Global
	GlobalSection(SolutionConfigurationPlatforms) = preSolution
		Debug|Any CPU = Debug|Any CPU
		Release|Any CPU = Release|Any CPU
	EndGlobalSection
	GlobalSection(ProjectConfigurationPlatforms) = postSolution
		{341FB74A-47ED-4E34-84DB-6D4A58AFEF1E}.Debug|Any CPU.ActiveCfg = Debug|Any CPU
		{341FB74A-47ED-4E34-84DB-6D4A58AFEF1E}.Debug|Any CPU.Build.0 = Debug|Any CPU
		{341FB74A-47ED-4E34-84DB-6D4A58AFEF1E}.Release|Any CPU.ActiveCfg = Release|Any CPU
		{341FB74A-47ED-4E34-84DB-6D4A58AFEF1E}.Release|Any CPU.Build.0 = Release|Any CPU
	EndGlobalSection
	GlobalSection(SolutionProperties) = preSolution
		HideSolutionNode = FALSE
	EndGlobalSection
	GlobalSection(ExtensibilityGlobals) = postSolution
		SolutionGuid = {25250C3E-5E50-4FDA-B955-13F8A54916A7}
	EndGlobalSection
EndGlobal
