
Microsoft Visual Studio Solution File, Format Version 12.00
# Visual Studio Version 16
VisualStudioVersion = 16.0.32413.511
MinimumVisualStudioVersion = 10.0.40219.1
Project("{FAE04EC0-301F-11D3-BF4B-00C04F79EFBC}") = "Registration", "Registration\Registration.csproj", "{6A95A46B-1E1F-4609-B50F-8734CF299D24}"
EndProject
Global
	GlobalSection(SolutionConfigurationPlatforms) = preSolution
		Debug|Any CPU = Debug|Any CPU
		Release|Any CPU = Release|Any CPU
	EndGlobalSection
	GlobalSection(ProjectConfigurationPlatforms) = postSolution
		{6A95A46B-1E1F-4609-B50F-8734CF299D24}.Debug|Any CPU.ActiveCfg = Debug|Any CPU
		{6A95A46B-1E1F-4609-B50F-8734CF299D24}.Debug|Any CPU.Build.0 = Debug|Any CPU
		{6A95A46B-1E1F-4609-B50F-8734CF299D24}.Release|Any CPU.ActiveCfg = Release|Any CPU
		{6A95A46B-1E1F-4609-B50F-8734CF299D24}.Release|Any CPU.Build.0 = Release|Any CPU
	EndGlobalSection
	GlobalSection(SolutionProperties) = preSolution
		HideSolutionNode = FALSE
	EndGlobalSection
	GlobalSection(ExtensibilityGlobals) = postSolution
		SolutionGuid = {5310FA25-95B9-4910-8408-36C766177194}
	EndGlobalSection
EndGlobal
