
Microsoft Visual Studio Solution File, Format Version 12.00
# Visual Studio Version 16
VisualStudioVersion = 16.0.32413.511
MinimumVisualStudioVersion = 10.0.40219.1
Project("{FAE04EC0-301F-11D3-BF4B-00C04F79EFBC}") = "Assignment2", "Assignment2\Assignment2.csproj", "{BC5B997D-F3BB-496C-A3FE-2DB99706C6BA}"
EndProject
Global
	GlobalSection(SolutionConfigurationPlatforms) = preSolution
		Debug|Any CPU = Debug|Any CPU
		Release|Any CPU = Release|Any CPU
	EndGlobalSection
	GlobalSection(ProjectConfigurationPlatforms) = postSolution
		{BC5B997D-F3BB-496C-A3FE-2DB99706C6BA}.Debug|Any CPU.ActiveCfg = Debug|Any CPU
		{BC5B997D-F3BB-496C-A3FE-2DB99706C6BA}.Debug|Any CPU.Build.0 = Debug|Any CPU
		{BC5B997D-F3BB-496C-A3FE-2DB99706C6BA}.Release|Any CPU.ActiveCfg = Release|Any CPU
		{BC5B997D-F3BB-496C-A3FE-2DB99706C6BA}.Release|Any CPU.Build.0 = Release|Any CPU
	EndGlobalSection
	GlobalSection(SolutionProperties) = preSolution
		HideSolutionNode = FALSE
	EndGlobalSection
	GlobalSection(ExtensibilityGlobals) = postSolution
		SolutionGuid = {30D026E4-3B96-4738-AE5B-474DAF7D0E15}
	EndGlobalSection
EndGlobal
